# This file is automatically @generated by Cargo.
# It is not intended for manual editing.
version = 3

[[package]]
name = "bootloader"
version = "0.9.19"
source = "registry+https://github.com/rust-lang/crates.io-index"
checksum = "b7c452074efc3c0bfb241fb7bc87df04741c7c85e926f6a07c05f8fbd6008240"

[[package]]
name = "r3_kernel"
version = "0.0.1"
dependencies = [
 "bootloader",
]
